// !$*UTF8*$!
{
	archiveVersion = 1;
	classes = {
	};
	objectVersion = 50;
	objects = {

/* Begin PBXBuildFile section */
		126823A020E44899007D5758 /* HealthKitSetupAssistant.swift in Sources */ = {isa = PBXBuildFile; fileRef = CBBFB0AB20DD38D000C26E1D /* HealthKitSetupAssistant.swift */; };
		12D3DE8720DD6B2A0055E207 /* HealthKit.framework in Frameworks */ = {isa = PBXBuildFile; fileRef = 12D3DE8620DD6B2A0055E207 /* HealthKit.framework */; };
		12D3DE8A20DD6B310055E207 /* HealthKit.framework in Frameworks */ = {isa = PBXBuildFile; fileRef = 12D3DE8920DD6B310055E207 /* HealthKit.framework */; };
		A275C39220E2D8350026E79C /* TileSet.sks in Resources */ = {isa = PBXBuildFile; fileRef = A275C38F20E2D8340026E79C /* TileSet.sks */; };
		A275C39320E2D8350026E79C /* Menu.sks in Resources */ = {isa = PBXBuildFile; fileRef = A275C39020E2D8340026E79C /* Menu.sks */; };
		A275C39420E2D8350026E79C /* MenuScene.swift in Sources */ = {isa = PBXBuildFile; fileRef = A275C39120E2D8350026E79C /* MenuScene.swift */; };
		A275C39620E2DE450026E79C /* MenuViewController.swift in Sources */ = {isa = PBXBuildFile; fileRef = A275C39520E2DE450026E79C /* MenuViewController.swift */; };
		CB2CFD7820DD6FC900C22E52 /* GameScene.sks in Resources */ = {isa = PBXBuildFile; fileRef = CBBFB08C20DC7C2100C26E1D /* GameScene.sks */; };
		CB2CFD7920DD6FCD00C22E52 /* GameScene.sks in Resources */ = {isa = PBXBuildFile; fileRef = CBBFB08C20DC7C2100C26E1D /* GameScene.sks */; };
		CB3F158620E3E3D400016088 /* WaterlockInterfaceController.swift in Sources */ = {isa = PBXBuildFile; fileRef = CB3F158520E3E3D400016088 /* WaterlockInterfaceController.swift */; };
		CB69E52E20E3B5AA006E4C99 /* CheckBackgroundInterfaceController.swift in Sources */ = {isa = PBXBuildFile; fileRef = CB69E52D20E3B5AA006E4C99 /* CheckBackgroundInterfaceController.swift */; };
		CB69E53020E3BC1E006E4C99 /* Extensions.swift in Sources */ = {isa = PBXBuildFile; fileRef = CB69E52F20E3BC1E006E4C99 /* Extensions.swift */; };
		CB91E6ED20DC30DF0005DEC5 /* AppDelegate.swift in Sources */ = {isa = PBXBuildFile; fileRef = CB91E6EC20DC30DF0005DEC5 /* AppDelegate.swift */; };
		CB91E6EF20DC30DF0005DEC5 /* ViewController.swift in Sources */ = {isa = PBXBuildFile; fileRef = CB91E6EE20DC30DF0005DEC5 /* ViewController.swift */; };
		CB91E6F220DC30DF0005DEC5 /* Main.storyboard in Resources */ = {isa = PBXBuildFile; fileRef = CB91E6F020DC30DF0005DEC5 /* Main.storyboard */; };
		CB91E6F420DC30E00005DEC5 /* Assets.xcassets in Resources */ = {isa = PBXBuildFile; fileRef = CB91E6F320DC30E00005DEC5 /* Assets.xcassets */; };
		CB91E6F720DC30E00005DEC5 /* LaunchScreen.storyboard in Resources */ = {isa = PBXBuildFile; fileRef = CB91E6F520DC30E00005DEC5 /* LaunchScreen.storyboard */; };
		CB91E70420DC31010005DEC5 /* Interface.storyboard in Resources */ = {isa = PBXBuildFile; fileRef = CB91E70220DC31010005DEC5 /* Interface.storyboard */; };
		CB91E70620DC31020005DEC5 /* Assets.xcassets in Resources */ = {isa = PBXBuildFile; fileRef = CB91E70520DC31020005DEC5 /* Assets.xcassets */; };
		CB91E70D20DC31020005DEC5 /* InsideWatch Extension.appex in Embed App Extensions */ = {isa = PBXBuildFile; fileRef = CB91E70C20DC31020005DEC5 /* InsideWatch Extension.appex */; settings = {ATTRIBUTES = (RemoveHeadersOnCopy, ); }; };
		CB91E71220DC31020005DEC5 /* InterfaceController.swift in Sources */ = {isa = PBXBuildFile; fileRef = CB91E71120DC31020005DEC5 /* InterfaceController.swift */; };
		CB91E71820DC31020005DEC5 /* ExtensionDelegate.swift in Sources */ = {isa = PBXBuildFile; fileRef = CB91E71720DC31020005DEC5 /* ExtensionDelegate.swift */; };
		CB91E71A20DC31020005DEC5 /* NotificationController.swift in Sources */ = {isa = PBXBuildFile; fileRef = CB91E71920DC31020005DEC5 /* NotificationController.swift */; };
		CB91E71C20DC31030005DEC5 /* Assets.xcassets in Resources */ = {isa = PBXBuildFile; fileRef = CB91E71B20DC31030005DEC5 /* Assets.xcassets */; };
		CB91E72120DC31030005DEC5 /* InsideWatch.app in Embed Watch Content */ = {isa = PBXBuildFile; fileRef = CB91E70020DC31010005DEC5 /* InsideWatch.app */; };
		CB91E72E20DC34B10005DEC5 /* LevelViewController.swift in Sources */ = {isa = PBXBuildFile; fileRef = CB91E72D20DC34B10005DEC5 /* LevelViewController.swift */; };
		CBBFB08E20DC7C2100C26E1D /* GameScene.sks in Resources */ = {isa = PBXBuildFile; fileRef = CBBFB08C20DC7C2100C26E1D /* GameScene.sks */; };
		CBBFB08F20DC7C2900C26E1D /* GameScene.swift in Sources */ = {isa = PBXBuildFile; fileRef = CBBFB08B20DC7C2100C26E1D /* GameScene.swift */; };
		CBBFB09820DC7C4300C26E1D /* Contents.json in Resources */ = {isa = PBXBuildFile; fileRef = CBBFB09020DC7C4100C26E1D /* Contents.json */; };
		CBBFB0A120DC7C8100C26E1D /* MazeInterfaceController.swift in Sources */ = {isa = PBXBuildFile; fileRef = CBBFB0A020DC7C8100C26E1D /* MazeInterfaceController.swift */; };
		CBBFB0A920DD385B00C26E1D /* MeditationInterfaceController.swift in Sources */ = {isa = PBXBuildFile; fileRef = CBBFB0A820DD385B00C26E1D /* MeditationInterfaceController.swift */; };
		CBBFB0AC20DD38D000C26E1D /* HealthKitSetupAssistant.swift in Sources */ = {isa = PBXBuildFile; fileRef = CBBFB0AB20DD38D000C26E1D /* HealthKitSetupAssistant.swift */; };
/* End PBXBuildFile section */

/* Begin PBXContainerItemProxy section */
		CB91E70E20DC31020005DEC5 /* PBXContainerItemProxy */ = {
			isa = PBXContainerItemProxy;
			containerPortal = CB91E6E120DC30DF0005DEC5 /* Project object */;
			proxyType = 1;
			remoteGlobalIDString = CB91E70B20DC31020005DEC5;
			remoteInfo = "InsideWatch Extension";
		};
		CB91E71F20DC31030005DEC5 /* PBXContainerItemProxy */ = {
			isa = PBXContainerItemProxy;
			containerPortal = CB91E6E120DC30DF0005DEC5 /* Project object */;
			proxyType = 1;
			remoteGlobalIDString = CB91E6FF20DC31010005DEC5;
			remoteInfo = InsideWatch;
		};
/* End PBXContainerItemProxy section */

/* Begin PBXCopyFilesBuildPhase section */
		CB91E72520DC31030005DEC5 /* Embed App Extensions */ = {
			isa = PBXCopyFilesBuildPhase;
			buildActionMask = 2147483647;
			dstPath = "";
			dstSubfolderSpec = 13;
			files = (
				CB91E70D20DC31020005DEC5 /* InsideWatch Extension.appex in Embed App Extensions */,
			);
			name = "Embed App Extensions";
			runOnlyForDeploymentPostprocessing = 0;
		};
		CB91E72920DC31030005DEC5 /* Embed Watch Content */ = {
			isa = PBXCopyFilesBuildPhase;
			buildActionMask = 2147483647;
			dstPath = "$(CONTENTS_FOLDER_PATH)/Watch";
			dstSubfolderSpec = 16;
			files = (
				CB91E72120DC31030005DEC5 /* InsideWatch.app in Embed Watch Content */,
			);
			name = "Embed Watch Content";
			runOnlyForDeploymentPostprocessing = 0;
		};
/* End PBXCopyFilesBuildPhase section */

/* Begin PBXFileReference section */
		12D3DE8620DD6B2A0055E207 /* HealthKit.framework */ = {isa = PBXFileReference; lastKnownFileType = wrapper.framework; name = HealthKit.framework; path = System/Library/Frameworks/HealthKit.framework; sourceTree = SDKROOT; };
		12D3DE8820DD6B2A0055E207 /* InsideGame.entitlements */ = {isa = PBXFileReference; lastKnownFileType = text.plist.entitlements; path = InsideGame.entitlements; sourceTree = "<group>"; };
		12D3DE8920DD6B310055E207 /* HealthKit.framework */ = {isa = PBXFileReference; lastKnownFileType = wrapper.framework; name = HealthKit.framework; path = Platforms/WatchOS.platform/Developer/SDKs/WatchOS4.3.sdk/System/Library/Frameworks/HealthKit.framework; sourceTree = DEVELOPER_DIR; };
		12D3DE8B20DD6B310055E207 /* InsideWatch Extension.entitlements */ = {isa = PBXFileReference; lastKnownFileType = text.plist.entitlements; path = "InsideWatch Extension.entitlements"; sourceTree = "<group>"; };
		A275C38F20E2D8340026E79C /* TileSet.sks */ = {isa = PBXFileReference; lastKnownFileType = file.sks; path = TileSet.sks; sourceTree = "<group>"; };
		A275C39020E2D8340026E79C /* Menu.sks */ = {isa = PBXFileReference; lastKnownFileType = file.sks; path = Menu.sks; sourceTree = "<group>"; };
		A275C39120E2D8350026E79C /* MenuScene.swift */ = {isa = PBXFileReference; fileEncoding = 4; lastKnownFileType = sourcecode.swift; path = MenuScene.swift; sourceTree = "<group>"; };
		A275C39520E2DE450026E79C /* MenuViewController.swift */ = {isa = PBXFileReference; lastKnownFileType = sourcecode.swift; path = MenuViewController.swift; sourceTree = "<group>"; };
		CB3F158520E3E3D400016088 /* WaterlockInterfaceController.swift */ = {isa = PBXFileReference; lastKnownFileType = sourcecode.swift; path = WaterlockInterfaceController.swift; sourceTree = "<group>"; };
		CB69E52D20E3B5AA006E4C99 /* CheckBackgroundInterfaceController.swift */ = {isa = PBXFileReference; lastKnownFileType = sourcecode.swift; path = CheckBackgroundInterfaceController.swift; sourceTree = "<group>"; };
		CB69E52F20E3BC1E006E4C99 /* Extensions.swift */ = {isa = PBXFileReference; lastKnownFileType = sourcecode.swift; path = Extensions.swift; sourceTree = "<group>"; };
		CB91E6E920DC30DF0005DEC5 /* InsideGame.app */ = {isa = PBXFileReference; explicitFileType = wrapper.application; includeInIndex = 0; path = InsideGame.app; sourceTree = BUILT_PRODUCTS_DIR; };
		CB91E6EC20DC30DF0005DEC5 /* AppDelegate.swift */ = {isa = PBXFileReference; lastKnownFileType = sourcecode.swift; path = AppDelegate.swift; sourceTree = "<group>"; };
		CB91E6EE20DC30DF0005DEC5 /* ViewController.swift */ = {isa = PBXFileReference; lastKnownFileType = sourcecode.swift; path = ViewController.swift; sourceTree = "<group>"; };
		CB91E6F120DC30DF0005DEC5 /* Base */ = {isa = PBXFileReference; lastKnownFileType = file.storyboard; name = Base; path = Base.lproj/Main.storyboard; sourceTree = "<group>"; };
		CB91E6F320DC30E00005DEC5 /* Assets.xcassets */ = {isa = PBXFileReference; lastKnownFileType = folder.assetcatalog; path = Assets.xcassets; sourceTree = "<group>"; };
		CB91E6F620DC30E00005DEC5 /* Base */ = {isa = PBXFileReference; lastKnownFileType = file.storyboard; name = Base; path = Base.lproj/LaunchScreen.storyboard; sourceTree = "<group>"; };
		CB91E6F820DC30E00005DEC5 /* Info.plist */ = {isa = PBXFileReference; lastKnownFileType = text.plist.xml; path = Info.plist; sourceTree = "<group>"; };
		CB91E70020DC31010005DEC5 /* InsideWatch.app */ = {isa = PBXFileReference; explicitFileType = wrapper.application; includeInIndex = 0; path = InsideWatch.app; sourceTree = BUILT_PRODUCTS_DIR; };
		CB91E70320DC31010005DEC5 /* Base */ = {isa = PBXFileReference; lastKnownFileType = file.storyboard; name = Base; path = Base.lproj/Interface.storyboard; sourceTree = "<group>"; };
		CB91E70520DC31020005DEC5 /* Assets.xcassets */ = {isa = PBXFileReference; lastKnownFileType = folder.assetcatalog; path = Assets.xcassets; sourceTree = "<group>"; };
		CB91E70720DC31020005DEC5 /* Info.plist */ = {isa = PBXFileReference; lastKnownFileType = text.plist.xml; path = Info.plist; sourceTree = "<group>"; };
		CB91E70C20DC31020005DEC5 /* InsideWatch Extension.appex */ = {isa = PBXFileReference; explicitFileType = "wrapper.app-extension"; includeInIndex = 0; path = "InsideWatch Extension.appex"; sourceTree = BUILT_PRODUCTS_DIR; };
		CB91E71120DC31020005DEC5 /* InterfaceController.swift */ = {isa = PBXFileReference; lastKnownFileType = sourcecode.swift; path = InterfaceController.swift; sourceTree = "<group>"; };
		CB91E71720DC31020005DEC5 /* ExtensionDelegate.swift */ = {isa = PBXFileReference; lastKnownFileType = sourcecode.swift; path = ExtensionDelegate.swift; sourceTree = "<group>"; };
		CB91E71920DC31020005DEC5 /* NotificationController.swift */ = {isa = PBXFileReference; lastKnownFileType = sourcecode.swift; path = NotificationController.swift; sourceTree = "<group>"; };
		CB91E71B20DC31030005DEC5 /* Assets.xcassets */ = {isa = PBXFileReference; lastKnownFileType = folder.assetcatalog; path = Assets.xcassets; sourceTree = "<group>"; };
		CB91E71D20DC31030005DEC5 /* Info.plist */ = {isa = PBXFileReference; lastKnownFileType = text.plist.xml; path = Info.plist; sourceTree = "<group>"; };
		CB91E71E20DC31030005DEC5 /* PushNotificationPayload.apns */ = {isa = PBXFileReference; lastKnownFileType = text; path = PushNotificationPayload.apns; sourceTree = "<group>"; };
		CB91E72D20DC34B10005DEC5 /* LevelViewController.swift */ = {isa = PBXFileReference; lastKnownFileType = sourcecode.swift; path = LevelViewController.swift; sourceTree = "<group>"; };
		CBBFB08B20DC7C2100C26E1D /* GameScene.swift */ = {isa = PBXFileReference; fileEncoding = 4; lastKnownFileType = sourcecode.swift; path = GameScene.swift; sourceTree = "<group>"; };
		CBBFB08C20DC7C2100C26E1D /* GameScene.sks */ = {isa = PBXFileReference; lastKnownFileType = file.sks; path = GameScene.sks; sourceTree = "<group>"; };
		CBBFB09020DC7C4100C26E1D /* Contents.json */ = {isa = PBXFileReference; fileEncoding = 4; lastKnownFileType = text.json; path = Contents.json; sourceTree = "<group>"; };
		CBBFB0A020DC7C8100C26E1D /* MazeInterfaceController.swift */ = {isa = PBXFileReference; lastKnownFileType = sourcecode.swift; path = MazeInterfaceController.swift; sourceTree = "<group>"; };
		CBBFB0A820DD385B00C26E1D /* MeditationInterfaceController.swift */ = {isa = PBXFileReference; lastKnownFileType = sourcecode.swift; path = MeditationInterfaceController.swift; sourceTree = "<group>"; };
		CBBFB0AB20DD38D000C26E1D /* HealthKitSetupAssistant.swift */ = {isa = PBXFileReference; lastKnownFileType = sourcecode.swift; path = HealthKitSetupAssistant.swift; sourceTree = "<group>"; };
/* End PBXFileReference section */

/* Begin PBXFrameworksBuildPhase section */
		CB91E6E620DC30DF0005DEC5 /* Frameworks */ = {
			isa = PBXFrameworksBuildPhase;
			buildActionMask = 2147483647;
			files = (
				12D3DE8720DD6B2A0055E207 /* HealthKit.framework in Frameworks */,
			);
			runOnlyForDeploymentPostprocessing = 0;
		};
		CB91E70920DC31020005DEC5 /* Frameworks */ = {
			isa = PBXFrameworksBuildPhase;
			buildActionMask = 2147483647;
			files = (
				12D3DE8A20DD6B310055E207 /* HealthKit.framework in Frameworks */,
			);
			runOnlyForDeploymentPostprocessing = 0;
		};
/* End PBXFrameworksBuildPhase section */

/* Begin PBXGroup section */
		1268239D20E4479A007D5758 /* Shared */ = {
			isa = PBXGroup;
			children = (
				1268239E20E447A9007D5758 /* Services */,
			);
			path = Shared;
			sourceTree = "<group>";
		};
		1268239E20E447A9007D5758 /* Services */ = {
			isa = PBXGroup;
			children = (
				CBBFB0AB20DD38D000C26E1D /* HealthKitSetupAssistant.swift */,
			);
			name = Services;
			path = Shared/Services;
			sourceTree = SOURCE_ROOT;
		};
		12D3DE8520DD6B2A0055E207 /* Frameworks */ = {
			isa = PBXGroup;
			children = (
				12D3DE8920DD6B310055E207 /* HealthKit.framework */,
				12D3DE8620DD6B2A0055E207 /* HealthKit.framework */,
			);
			name = Frameworks;
			sourceTree = "<group>";
		};
		CB3F158420E3E34400016088 /* Waterlock */ = {
			isa = PBXGroup;
			children = (
				CB3F158520E3E3D400016088 /* WaterlockInterfaceController.swift */,
			);
			path = Waterlock;
			sourceTree = "<group>";
		};
		CB69E52C20E3B590006E4C99 /* Check Background */ = {
			isa = PBXGroup;
			children = (
				CB69E52D20E3B5AA006E4C99 /* CheckBackgroundInterfaceController.swift */,
			);
			path = "Check Background";
			sourceTree = "<group>";
		};
		CB91E6E020DC30DF0005DEC5 = {
			isa = PBXGroup;
			children = (
				1268239D20E4479A007D5758 /* Shared */,
				CB91E6EB20DC30DF0005DEC5 /* InsideGame */,
				CB91E70120DC31010005DEC5 /* InsideWatch */,
				CB91E71020DC31020005DEC5 /* InsideWatch Extension */,
				CB91E6EA20DC30DF0005DEC5 /* Products */,
				12D3DE8520DD6B2A0055E207 /* Frameworks */,
			);
			sourceTree = "<group>";
		};
		CB91E6EA20DC30DF0005DEC5 /* Products */ = {
			isa = PBXGroup;
			children = (
				CB91E6E920DC30DF0005DEC5 /* InsideGame.app */,
				CB91E70020DC31010005DEC5 /* InsideWatch.app */,
				CB91E70C20DC31020005DEC5 /* InsideWatch Extension.appex */,
			);
			name = Products;
			sourceTree = "<group>";
		};
		CB91E6EB20DC30DF0005DEC5 /* InsideGame */ = {
			isa = PBXGroup;
			children = (
				12D3DE8820DD6B2A0055E207 /* InsideGame.entitlements */,
				CB91E72C20DC34470005DEC5 /* Model */,
				CB91E72B20DC34390005DEC5 /* View */,
				CB91E72A20DC342A0005DEC5 /* Controllers */,
				CB91E6F320DC30E00005DEC5 /* Assets.xcassets */,
				CB91E6EC20DC30DF0005DEC5 /* AppDelegate.swift */,
				CB91E6F820DC30E00005DEC5 /* Info.plist */,
			);
			path = InsideGame;
			sourceTree = "<group>";
		};
		CB91E70120DC31010005DEC5 /* InsideWatch */ = {
			isa = PBXGroup;
			children = (
				CB91E70220DC31010005DEC5 /* Interface.storyboard */,
				CB91E70520DC31020005DEC5 /* Assets.xcassets */,
				CB91E70720DC31020005DEC5 /* Info.plist */,
			);
			path = InsideWatch;
			sourceTree = "<group>";
		};
		CB91E71020DC31020005DEC5 /* InsideWatch Extension */ = {
			isa = PBXGroup;
			children = (
				CB91E71720DC31020005DEC5 /* ExtensionDelegate.swift */,
				CB69E52F20E3BC1E006E4C99 /* Extensions.swift */,
				CB91E71B20DC31030005DEC5 /* Assets.xcassets */,
				CBBFB09020DC7C4100C26E1D /* Contents.json */,
				CB91E71D20DC31030005DEC5 /* Info.plist */,
				CB91E71E20DC31030005DEC5 /* PushNotificationPayload.apns */,
				12D3DE8B20DD6B310055E207 /* InsideWatch Extension.entitlements */,
				CBBFB08A20DC7BC000C26E1D /* Main */,
				CBBFB0A220DC7C8700C26E1D /* Maze */,
				CBBFB0AA20DD386700C26E1D /* Meditation */,
				CB69E52C20E3B590006E4C99 /* Check Background */,
				CB3F158420E3E34400016088 /* Waterlock */,
			);
			path = "InsideWatch Extension";
			sourceTree = "<group>";
		};
		CB91E72A20DC342A0005DEC5 /* Controllers */ = {
			isa = PBXGroup;
			children = (
				A275C39520E2DE450026E79C /* MenuViewController.swift */,
				CB91E6EE20DC30DF0005DEC5 /* ViewController.swift */,
				CB91E72D20DC34B10005DEC5 /* LevelViewController.swift */,
			);
			path = Controllers;
			sourceTree = "<group>";
		};
		CB91E72B20DC34390005DEC5 /* View */ = {
			isa = PBXGroup;
			children = (
				A275C39020E2D8340026E79C /* Menu.sks */,
				A275C39120E2D8350026E79C /* MenuScene.swift */,
				A275C38F20E2D8340026E79C /* TileSet.sks */,
				CB91E6F020DC30DF0005DEC5 /* Main.storyboard */,
				CB91E6F520DC30E00005DEC5 /* LaunchScreen.storyboard */,
			);
			path = View;
			sourceTree = "<group>";
		};
		CB91E72C20DC34470005DEC5 /* Model */ = {
			isa = PBXGroup;
			children = (
			);
			path = Model;
			sourceTree = "<group>";
		};
		CBBFB08A20DC7BC000C26E1D /* Main */ = {
			isa = PBXGroup;
			children = (
				CB91E71920DC31020005DEC5 /* NotificationController.swift */,
				CB91E71120DC31020005DEC5 /* InterfaceController.swift */,
			);
			path = Main;
			sourceTree = "<group>";
		};
		CBBFB0A220DC7C8700C26E1D /* Maze */ = {
			isa = PBXGroup;
			children = (
				CBBFB0A020DC7C8100C26E1D /* MazeInterfaceController.swift */,
				CBBFB08C20DC7C2100C26E1D /* GameScene.sks */,
				CBBFB08B20DC7C2100C26E1D /* GameScene.swift */,
			);
			path = Maze;
			sourceTree = "<group>";
		};
		CBBFB0AA20DD386700C26E1D /* Meditation */ = {
			isa = PBXGroup;
			children = (
				CBBFB0A820DD385B00C26E1D /* MeditationInterfaceController.swift */,
			);
			path = Meditation;
			sourceTree = "<group>";
		};
/* End PBXGroup section */

/* Begin PBXNativeTarget section */
		CB91E6E820DC30DF0005DEC5 /* InsideGame */ = {
			isa = PBXNativeTarget;
			buildConfigurationList = CB91E6FB20DC30E00005DEC5 /* Build configuration list for PBXNativeTarget "InsideGame" */;
			buildPhases = (
				CB91E6E520DC30DF0005DEC5 /* Sources */,
				CB91E6E620DC30DF0005DEC5 /* Frameworks */,
				CB91E6E720DC30DF0005DEC5 /* Resources */,
				CB91E72920DC31030005DEC5 /* Embed Watch Content */,
			);
			buildRules = (
			);
			dependencies = (
				CB91E72020DC31030005DEC5 /* PBXTargetDependency */,
			);
			name = InsideGame;
			productName = InsideGame;
			productReference = CB91E6E920DC30DF0005DEC5 /* InsideGame.app */;
			productType = "com.apple.product-type.application";
		};
		CB91E6FF20DC31010005DEC5 /* InsideWatch */ = {
			isa = PBXNativeTarget;
			buildConfigurationList = CB91E72620DC31030005DEC5 /* Build configuration list for PBXNativeTarget "InsideWatch" */;
			buildPhases = (
				CB91E6FE20DC31010005DEC5 /* Resources */,
				CB91E72520DC31030005DEC5 /* Embed App Extensions */,
			);
			buildRules = (
			);
			dependencies = (
				CB91E70F20DC31020005DEC5 /* PBXTargetDependency */,
			);
			name = InsideWatch;
			productName = InsideWatch;
			productReference = CB91E70020DC31010005DEC5 /* InsideWatch.app */;
			productType = "com.apple.product-type.application.watchapp2";
		};
		CB91E70B20DC31020005DEC5 /* InsideWatch Extension */ = {
			isa = PBXNativeTarget;
			buildConfigurationList = CB91E72220DC31030005DEC5 /* Build configuration list for PBXNativeTarget "InsideWatch Extension" */;
			buildPhases = (
				CB91E70820DC31020005DEC5 /* Sources */,
				CB91E70920DC31020005DEC5 /* Frameworks */,
				CB91E70A20DC31020005DEC5 /* Resources */,
			);
			buildRules = (
			);
			dependencies = (
			);
			name = "InsideWatch Extension";
			productName = "InsideWatch Extension";
			productReference = CB91E70C20DC31020005DEC5 /* InsideWatch Extension.appex */;
			productType = "com.apple.product-type.watchkit2-extension";
		};
/* End PBXNativeTarget section */

/* Begin PBXProject section */
		CB91E6E120DC30DF0005DEC5 /* Project object */ = {
			isa = PBXProject;
			attributes = {
				LastSwiftUpdateCheck = 0940;
				LastUpgradeCheck = 0940;
				ORGANIZATIONNAME = "Bianca Itiroko";
				TargetAttributes = {
					CB91E6E820DC30DF0005DEC5 = {
						CreatedOnToolsVersion = 9.4.1;
						SystemCapabilities = {
							com.apple.HealthKit = {
								enabled = 1;
							};
						};
					};
					CB91E6FF20DC31010005DEC5 = {
						CreatedOnToolsVersion = 9.4.1;
					};
					CB91E70B20DC31020005DEC5 = {
						CreatedOnToolsVersion = 9.4.1;
						SystemCapabilities = {
							com.apple.HealthKit.watchos = {
								enabled = 1;
							};
						};
					};
				};
			};
			buildConfigurationList = CB91E6E420DC30DF0005DEC5 /* Build configuration list for PBXProject "InsideGame" */;
			compatibilityVersion = "Xcode 9.3";
			developmentRegion = en;
			hasScannedForEncodings = 0;
			knownRegions = (
				en,
				Base,
			);
			mainGroup = CB91E6E020DC30DF0005DEC5;
			productRefGroup = CB91E6EA20DC30DF0005DEC5 /* Products */;
			projectDirPath = "";
			projectRoot = "";
			targets = (
				CB91E6E820DC30DF0005DEC5 /* InsideGame */,
				CB91E6FF20DC31010005DEC5 /* InsideWatch */,
				CB91E70B20DC31020005DEC5 /* InsideWatch Extension */,
			);
		};
/* End PBXProject section */

/* Begin PBXResourcesBuildPhase section */
		CB91E6E720DC30DF0005DEC5 /* Resources */ = {
			isa = PBXResourcesBuildPhase;
			buildActionMask = 2147483647;
			files = (
				A275C39320E2D8350026E79C /* Menu.sks in Resources */,
				CBBFB08E20DC7C2100C26E1D /* GameScene.sks in Resources */,
				CB91E6F720DC30E00005DEC5 /* LaunchScreen.storyboard in Resources */,
				CB91E6F420DC30E00005DEC5 /* Assets.xcassets in Resources */,
				CB91E6F220DC30DF0005DEC5 /* Main.storyboard in Resources */,
				A275C39220E2D8350026E79C /* TileSet.sks in Resources */,
			);
			runOnlyForDeploymentPostprocessing = 0;
		};
		CB91E6FE20DC31010005DEC5 /* Resources */ = {
			isa = PBXResourcesBuildPhase;
			buildActionMask = 2147483647;
			files = (
				CB91E70620DC31020005DEC5 /* Assets.xcassets in Resources */,
				CB2CFD7920DD6FCD00C22E52 /* GameScene.sks in Resources */,
				CB91E70420DC31010005DEC5 /* Interface.storyboard in Resources */,
			);
			runOnlyForDeploymentPostprocessing = 0;
		};
		CB91E70A20DC31020005DEC5 /* Resources */ = {
			isa = PBXResourcesBuildPhase;
			buildActionMask = 2147483647;
			files = (
				CB2CFD7820DD6FC900C22E52 /* GameScene.sks in Resources */,
				CB91E71C20DC31030005DEC5 /* Assets.xcassets in Resources */,
				CBBFB09820DC7C4300C26E1D /* Contents.json in Resources */,
			);
			runOnlyForDeploymentPostprocessing = 0;
		};
/* End PBXResourcesBuildPhase section */

/* Begin PBXSourcesBuildPhase section */
		CB91E6E520DC30DF0005DEC5 /* Sources */ = {
			isa = PBXSourcesBuildPhase;
			buildActionMask = 2147483647;
			files = (
				CB91E72E20DC34B10005DEC5 /* LevelViewController.swift in Sources */,
				A275C39620E2DE450026E79C /* MenuViewController.swift in Sources */,
				A275C39420E2D8350026E79C /* MenuScene.swift in Sources */,
				126823A020E44899007D5758 /* HealthKitSetupAssistant.swift in Sources */,
				CB91E6EF20DC30DF0005DEC5 /* ViewController.swift in Sources */,
				CB91E6ED20DC30DF0005DEC5 /* AppDelegate.swift in Sources */,
			);
			runOnlyForDeploymentPostprocessing = 0;
		};
		CB91E70820DC31020005DEC5 /* Sources */ = {
			isa = PBXSourcesBuildPhase;
			buildActionMask = 2147483647;
			files = (
				CB91E71220DC31020005DEC5 /* InterfaceController.swift in Sources */,
				CBBFB0AC20DD38D000C26E1D /* HealthKitSetupAssistant.swift in Sources */,
				CBBFB0A120DC7C8100C26E1D /* MazeInterfaceController.swift in Sources */,
				CB91E71A20DC31020005DEC5 /* NotificationController.swift in Sources */,
				CB69E52E20E3B5AA006E4C99 /* CheckBackgroundInterfaceController.swift in Sources */,
				CB69E53020E3BC1E006E4C99 /* Extensions.swift in Sources */,
				CBBFB08F20DC7C2900C26E1D /* GameScene.swift in Sources */,
				CBBFB0A920DD385B00C26E1D /* MeditationInterfaceController.swift in Sources */,
				CB3F158620E3E3D400016088 /* WaterlockInterfaceController.swift in Sources */,
				CB91E71820DC31020005DEC5 /* ExtensionDelegate.swift in Sources */,
			);
			runOnlyForDeploymentPostprocessing = 0;
		};
/* End PBXSourcesBuildPhase section */

/* Begin PBXTargetDependency section */
		CB91E70F20DC31020005DEC5 /* PBXTargetDependency */ = {
			isa = PBXTargetDependency;
			target = CB91E70B20DC31020005DEC5 /* InsideWatch Extension */;
			targetProxy = CB91E70E20DC31020005DEC5 /* PBXContainerItemProxy */;
		};
		CB91E72020DC31030005DEC5 /* PBXTargetDependency */ = {
			isa = PBXTargetDependency;
			target = CB91E6FF20DC31010005DEC5 /* InsideWatch */;
			targetProxy = CB91E71F20DC31030005DEC5 /* PBXContainerItemProxy */;
		};
/* End PBXTargetDependency section */

/* Begin PBXVariantGroup section */
		CB91E6F020DC30DF0005DEC5 /* Main.storyboard */ = {
			isa = PBXVariantGroup;
			children = (
				CB91E6F120DC30DF0005DEC5 /* Base */,
			);
			name = Main.storyboard;
			sourceTree = "<group>";
		};
		CB91E6F520DC30E00005DEC5 /* LaunchScreen.storyboard */ = {
			isa = PBXVariantGroup;
			children = (
				CB91E6F620DC30E00005DEC5 /* Base */,
			);
			name = LaunchScreen.storyboard;
			sourceTree = "<group>";
		};
		CB91E70220DC31010005DEC5 /* Interface.storyboard */ = {
			isa = PBXVariantGroup;
			children = (
				CB91E70320DC31010005DEC5 /* Base */,
			);
			name = Interface.storyboard;
			sourceTree = "<group>";
		};
/* End PBXVariantGroup section */

/* Begin XCBuildConfiguration section */
		CB91E6F920DC30E00005DEC5 /* Debug */ = {
			isa = XCBuildConfiguration;
			buildSettings = {
				ALWAYS_SEARCH_USER_PATHS = NO;
				CLANG_ANALYZER_NONNULL = YES;
				CLANG_ANALYZER_NUMBER_OBJECT_CONVERSION = YES_AGGRESSIVE;
				CLANG_CXX_LANGUAGE_STANDARD = "gnu++14";
				CLANG_CXX_LIBRARY = "libc++";
				CLANG_ENABLE_MODULES = YES;
				CLANG_ENABLE_OBJC_ARC = YES;
				CLANG_ENABLE_OBJC_WEAK = YES;
				CLANG_WARN_BLOCK_CAPTURE_AUTORELEASING = YES;
				CLANG_WARN_BOOL_CONVERSION = YES;
				CLANG_WARN_COMMA = YES;
				CLANG_WARN_CONSTANT_CONVERSION = YES;
				CLANG_WARN_DEPRECATED_OBJC_IMPLEMENTATIONS = YES;
				CLANG_WARN_DIRECT_OBJC_ISA_USAGE = YES_ERROR;
				CLANG_WARN_DOCUMENTATION_COMMENTS = YES;
				CLANG_WARN_EMPTY_BODY = YES;
				CLANG_WARN_ENUM_CONVERSION = YES;
				CLANG_WARN_INFINITE_RECURSION = YES;
				CLANG_WARN_INT_CONVERSION = YES;
				CLANG_WARN_NON_LITERAL_NULL_CONVERSION = YES;
				CLANG_WARN_OBJC_IMPLICIT_RETAIN_SELF = YES;
				CLANG_WARN_OBJC_LITERAL_CONVERSION = YES;
				CLANG_WARN_OBJC_ROOT_CLASS = YES_ERROR;
				CLANG_WARN_RANGE_LOOP_ANALYSIS = YES;
				CLANG_WARN_STRICT_PROTOTYPES = YES;
				CLANG_WARN_SUSPICIOUS_MOVE = YES;
				CLANG_WARN_UNGUARDED_AVAILABILITY = YES_AGGRESSIVE;
				CLANG_WARN_UNREACHABLE_CODE = YES;
				CLANG_WARN__DUPLICATE_METHOD_MATCH = YES;
				CODE_SIGN_IDENTITY = "iPhone Developer";
				COPY_PHASE_STRIP = NO;
				DEBUG_INFORMATION_FORMAT = dwarf;
				ENABLE_STRICT_OBJC_MSGSEND = YES;
				ENABLE_TESTABILITY = YES;
				GCC_C_LANGUAGE_STANDARD = gnu11;
				GCC_DYNAMIC_NO_PIC = NO;
				GCC_NO_COMMON_BLOCKS = YES;
				GCC_OPTIMIZATION_LEVEL = 0;
				GCC_PREPROCESSOR_DEFINITIONS = (
					"DEBUG=1",
					"$(inherited)",
				);
				GCC_WARN_64_TO_32_BIT_CONVERSION = YES;
				GCC_WARN_ABOUT_RETURN_TYPE = YES_ERROR;
				GCC_WARN_UNDECLARED_SELECTOR = YES;
				GCC_WARN_UNINITIALIZED_AUTOS = YES_AGGRESSIVE;
				GCC_WARN_UNUSED_FUNCTION = YES;
				GCC_WARN_UNUSED_VARIABLE = YES;
				IPHONEOS_DEPLOYMENT_TARGET = 11.4;
				MTL_ENABLE_DEBUG_INFO = YES;
				ONLY_ACTIVE_ARCH = YES;
				SDKROOT = iphoneos;
				STRIP_BITCODE_FROM_COPIED_FILES = NO;
				SWIFT_ACTIVE_COMPILATION_CONDITIONS = DEBUG;
				SWIFT_OPTIMIZATION_LEVEL = "-Onone";
			};
			name = Debug;
		};
		CB91E6FA20DC30E00005DEC5 /* Release */ = {
			isa = XCBuildConfiguration;
			buildSettings = {
				ALWAYS_SEARCH_USER_PATHS = NO;
				CLANG_ANALYZER_NONNULL = YES;
				CLANG_ANALYZER_NUMBER_OBJECT_CONVERSION = YES_AGGRESSIVE;
				CLANG_CXX_LANGUAGE_STANDARD = "gnu++14";
				CLANG_CXX_LIBRARY = "libc++";
				CLANG_ENABLE_MODULES = YES;
				CLANG_ENABLE_OBJC_ARC = YES;
				CLANG_ENABLE_OBJC_WEAK = YES;
				CLANG_WARN_BLOCK_CAPTURE_AUTORELEASING = YES;
				CLANG_WARN_BOOL_CONVERSION = YES;
				CLANG_WARN_COMMA = YES;
				CLANG_WARN_CONSTANT_CONVERSION = YES;
				CLANG_WARN_DEPRECATED_OBJC_IMPLEMENTATIONS = YES;
				CLANG_WARN_DIRECT_OBJC_ISA_USAGE = YES_ERROR;
				CLANG_WARN_DOCUMENTATION_COMMENTS = YES;
				CLANG_WARN_EMPTY_BODY = YES;
				CLANG_WARN_ENUM_CONVERSION = YES;
				CLANG_WARN_INFINITE_RECURSION = YES;
				CLANG_WARN_INT_CONVERSION = YES;
				CLANG_WARN_NON_LITERAL_NULL_CONVERSION = YES;
				CLANG_WARN_OBJC_IMPLICIT_RETAIN_SELF = YES;
				CLANG_WARN_OBJC_LITERAL_CONVERSION = YES;
				CLANG_WARN_OBJC_ROOT_CLASS = YES_ERROR;
				CLANG_WARN_RANGE_LOOP_ANALYSIS = YES;
				CLANG_WARN_STRICT_PROTOTYPES = YES;
				CLANG_WARN_SUSPICIOUS_MOVE = YES;
				CLANG_WARN_UNGUARDED_AVAILABILITY = YES_AGGRESSIVE;
				CLANG_WARN_UNREACHABLE_CODE = YES;
				CLANG_WARN__DUPLICATE_METHOD_MATCH = YES;
				CODE_SIGN_IDENTITY = "iPhone Developer";
				COPY_PHASE_STRIP = NO;
				DEBUG_INFORMATION_FORMAT = "dwarf-with-dsym";
				ENABLE_NS_ASSERTIONS = NO;
				ENABLE_STRICT_OBJC_MSGSEND = YES;
				GCC_C_LANGUAGE_STANDARD = gnu11;
				GCC_NO_COMMON_BLOCKS = YES;
				GCC_WARN_64_TO_32_BIT_CONVERSION = YES;
				GCC_WARN_ABOUT_RETURN_TYPE = YES_ERROR;
				GCC_WARN_UNDECLARED_SELECTOR = YES;
				GCC_WARN_UNINITIALIZED_AUTOS = YES_AGGRESSIVE;
				GCC_WARN_UNUSED_FUNCTION = YES;
				GCC_WARN_UNUSED_VARIABLE = YES;
				IPHONEOS_DEPLOYMENT_TARGET = 11.4;
				MTL_ENABLE_DEBUG_INFO = NO;
				SDKROOT = iphoneos;
				STRIP_BITCODE_FROM_COPIED_FILES = NO;
				SWIFT_COMPILATION_MODE = wholemodule;
				SWIFT_OPTIMIZATION_LEVEL = "-O";
				VALIDATE_PRODUCT = YES;
			};
			name = Release;
		};
		CB91E6FC20DC30E00005DEC5 /* Debug */ = {
			isa = XCBuildConfiguration;
			buildSettings = {
				ASSETCATALOG_COMPILER_APPICON_NAME = AppIcon;
				CODE_SIGN_ENTITLEMENTS = InsideGame/InsideGame.entitlements;
				CODE_SIGN_STYLE = Automatic;
				DEVELOPMENT_TEAM = 6MTLA429XS;
				INFOPLIST_FILE = InsideGame/Info.plist;
				LD_RUNPATH_SEARCH_PATHS = (
					"$(inherited)",
					"@executable_path/Frameworks",
				);
				PRODUCT_BUNDLE_IDENTIFIER = com.1BiancaItiroko.InsideGame;
				PRODUCT_NAME = "$(TARGET_NAME)";
				SWIFT_VERSION = 4.0;
				TARGETED_DEVICE_FAMILY = "1,2";
			};
			name = Debug;
		};
		CB91E6FD20DC30E00005DEC5 /* Release */ = {
			isa = XCBuildConfiguration;
			buildSettings = {
				ASSETCATALOG_COMPILER_APPICON_NAME = AppIcon;
				CODE_SIGN_ENTITLEMENTS = InsideGame/InsideGame.entitlements;
				CODE_SIGN_STYLE = Automatic;
				DEVELOPMENT_TEAM = 6MTLA429XS;
				INFOPLIST_FILE = InsideGame/Info.plist;
				LD_RUNPATH_SEARCH_PATHS = (
					"$(inherited)",
					"@executable_path/Frameworks",
				);
				PRODUCT_BUNDLE_IDENTIFIER = com.1BiancaItiroko.InsideGame;
				PRODUCT_NAME = "$(TARGET_NAME)";
				SWIFT_VERSION = 4.0;
				TARGETED_DEVICE_FAMILY = "1,2";
			};
			name = Release;
		};
		CB91E72320DC31030005DEC5 /* Debug */ = {
			isa = XCBuildConfiguration;
			buildSettings = {
				ASSETCATALOG_COMPILER_COMPLICATION_NAME = Complication;
				CODE_SIGN_ENTITLEMENTS = "InsideWatch Extension/InsideWatch Extension.entitlements";
				CODE_SIGN_STYLE = Automatic;
				DEVELOPMENT_TEAM = 6MTLA429XS;
				INFOPLIST_FILE = "InsideWatch Extension/Info.plist";
				LD_RUNPATH_SEARCH_PATHS = (
					"$(inherited)",
					"@executable_path/Frameworks",
					"@executable_path/../../Frameworks",
				);
				PRODUCT_BUNDLE_IDENTIFIER = com.1BiancaItiroko.InsideGame.watchkitapp.watchkitextension;
				PRODUCT_NAME = "${TARGET_NAME}";
				SDKROOT = watchos;
				SKIP_INSTALL = YES;
				SWIFT_VERSION = 4.0;
				TARGETED_DEVICE_FAMILY = 4;
				WATCHOS_DEPLOYMENT_TARGET = 4.3;
			};
			name = Debug;
		};
		CB91E72420DC31030005DEC5 /* Release */ = {
			isa = XCBuildConfiguration;
			buildSettings = {
				ASSETCATALOG_COMPILER_COMPLICATION_NAME = Complication;
				CODE_SIGN_ENTITLEMENTS = "InsideWatch Extension/InsideWatch Extension.entitlements";
				CODE_SIGN_STYLE = Automatic;
				DEVELOPMENT_TEAM = 6MTLA429XS;
				INFOPLIST_FILE = "InsideWatch Extension/Info.plist";
				LD_RUNPATH_SEARCH_PATHS = (
					"$(inherited)",
					"@executable_path/Frameworks",
					"@executable_path/../../Frameworks",
				);
				PRODUCT_BUNDLE_IDENTIFIER = com.1BiancaItiroko.InsideGame.watchkitapp.watchkitextension;
				PRODUCT_NAME = "${TARGET_NAME}";
				SDKROOT = watchos;
				SKIP_INSTALL = YES;
				SWIFT_VERSION = 4.0;
				TARGETED_DEVICE_FAMILY = 4;
				WATCHOS_DEPLOYMENT_TARGET = 4.3;
			};
			name = Release;
		};
		CB91E72720DC31030005DEC5 /* Debug */ = {
			isa = XCBuildConfiguration;
			buildSettings = {
				ALWAYS_EMBED_SWIFT_STANDARD_LIBRARIES = YES;
				ASSETCATALOG_COMPILER_APPICON_NAME = AppIcon;
				CODE_SIGN_STYLE = Automatic;
				DEVELOPMENT_TEAM = 6MTLA429XS;
				IBSC_MODULE = InsideWatch_Extension;
				INFOPLIST_FILE = InsideWatch/Info.plist;
				PRODUCT_BUNDLE_IDENTIFIER = com.1BiancaItiroko.InsideGame.watchkitapp;
				PRODUCT_NAME = "$(TARGET_NAME)";
				SDKROOT = watchos;
				SKIP_INSTALL = YES;
				SWIFT_VERSION = 4.0;
				TARGETED_DEVICE_FAMILY = 4;
				WATCHOS_DEPLOYMENT_TARGET = 4.3;
			};
			name = Debug;
		};
		CB91E72820DC31030005DEC5 /* Release */ = {
			isa = XCBuildConfiguration;
			buildSettings = {
				ALWAYS_EMBED_SWIFT_STANDARD_LIBRARIES = YES;
				ASSETCATALOG_COMPILER_APPICON_NAME = AppIcon;
				CODE_SIGN_STYLE = Automatic;
				DEVELOPMENT_TEAM = 6MTLA429XS;
				IBSC_MODULE = InsideWatch_Extension;
				INFOPLIST_FILE = InsideWatch/Info.plist;
				PRODUCT_BUNDLE_IDENTIFIER = com.1BiancaItiroko.InsideGame.watchkitapp;
				PRODUCT_NAME = "$(TARGET_NAME)";
				SDKROOT = watchos;
				SKIP_INSTALL = YES;
				SWIFT_VERSION = 4.0;
				TARGETED_DEVICE_FAMILY = 4;
				WATCHOS_DEPLOYMENT_TARGET = 4.3;
			};
			name = Release;
		};
/* End XCBuildConfiguration section */

/* Begin XCConfigurationList section */
		CB91E6E420DC30DF0005DEC5 /* Build configuration list for PBXProject "InsideGame" */ = {
			isa = XCConfigurationList;
			buildConfigurations = (
				CB91E6F920DC30E00005DEC5 /* Debug */,
				CB91E6FA20DC30E00005DEC5 /* Release */,
			);
			defaultConfigurationIsVisible = 0;
			defaultConfigurationName = Release;
		};
		CB91E6FB20DC30E00005DEC5 /* Build configuration list for PBXNativeTarget "InsideGame" */ = {
			isa = XCConfigurationList;
			buildConfigurations = (
				CB91E6FC20DC30E00005DEC5 /* Debug */,
				CB91E6FD20DC30E00005DEC5 /* Release */,
			);
			defaultConfigurationIsVisible = 0;
			defaultConfigurationName = Release;
		};
		CB91E72220DC31030005DEC5 /* Build configuration list for PBXNativeTarget "InsideWatch Extension" */ = {
			isa = XCConfigurationList;
			buildConfigurations = (
				CB91E72320DC31030005DEC5 /* Debug */,
				CB91E72420DC31030005DEC5 /* Release */,
			);
			defaultConfigurationIsVisible = 0;
			defaultConfigurationName = Release;
		};
		CB91E72620DC31030005DEC5 /* Build configuration list for PBXNativeTarget "InsideWatch" */ = {
			isa = XCConfigurationList;
			buildConfigurations = (
				CB91E72720DC31030005DEC5 /* Debug */,
				CB91E72820DC31030005DEC5 /* Release */,
			);
			defaultConfigurationIsVisible = 0;
			defaultConfigurationName = Release;
		};
/* End XCConfigurationList section */
	};
	rootObject = CB91E6E120DC30DF0005DEC5 /* Project object */;
}
